lockfileVersion: '9.0'

settings:
  autoInstallPeers: true
  excludeLinksFromLockfile: false

importers:

  .:
    devDependencies:
      rescript:
        specifier: 12.0.0-beta.1
        version: 12.0.0-beta.1

packages:

  '@rescript/darwin-arm64@12.0.0-beta.1':
    resolution: {integrity: sha512-NSzlBbuGDS1D5NTw2W7lh98Ylek8cTSz/kHmkugj2ePrEyuVDEAqLiyWsj6pbvJ4LQzr8ZOCf8emnmslDgauEg==}
    engines: {node: '>=20.11.0'}
    cpu: [arm64]
    os: [darwin]

  '@rescript/darwin-x64@12.0.0-beta.1':
    resolution: {integrity: sha512-Jr0yArQHiwxW3grALCcXDpAbK4V3Zsrg6Ekn6WixzfJR9LaXbquJFST/BOs0aO3kKj2kJrDSbvheHhPcCdNa9w==}
    engines: {node: '>=20.11.0'}
    cpu: [x64]
    os: [darwin]

  '@rescript/linux-arm64@12.0.0-beta.1':
    resolution: {integrity: sha512-Hj8zcFd/QlNybKrj3AklIib1kbb5LuuXcBbNuD5vaMmbKwfAO8iUA9OTFyaHWqgMKurkKYEc2oa5IE3/EQntag==}
    engines: {node: '>=20.11.0'}
    cpu: [arm64]
    os: [linux]

  '@rescript/linux-x64@12.0.0-beta.1':
    resolution: {integrity: sha512-ZDTIvFzior+KZ964firAG9Sm6WunJM8+2OIElXvGIL2P5GL9VlU71ap5IBIt5GV5jHRiYq5uJLnQSI+jtpbw/w==}
    engines: {node: '>=20.11.0'}
    cpu: [x64]
    os: [linux]

  '@rescript/win32-x64@12.0.0-beta.1':
    resolution: {integrity: sha512-aTXZ2c8AiBmoI3gAA8CQpgKYMjj6pAzuHnl3PQLRr9h5Hz7EWN9ZrktTa2GC0soP414lsl1Yyx7g9YIacypRAQ==}
    engines: {node: '>=20.11.0'}
    cpu: [x64]
    os: [win32]

  rescript@12.0.0-beta.1:
    resolution: {integrity: sha512-MuVs8AcHm3QU5knt5mBeGmvhz4LY4GEkF6MurzGDTcWm6TkdEC5zWfh5cOi08QKjlZDYzNBDCPXzTR7bnsCEAA==}
    engines: {node: '>=20.11.0'}
    hasBin: true

snapshots:

  '@rescript/darwin-arm64@12.0.0-beta.1':
    optional: true

  '@rescript/darwin-x64@12.0.0-beta.1':
    optional: true

  '@rescript/linux-arm64@12.0.0-beta.1':
    optional: true

  '@rescript/linux-x64@12.0.0-beta.1':
    optional: true

  '@rescript/win32-x64@12.0.0-beta.1':
    optional: true

  rescript@12.0.0-beta.1:
    optionalDependencies:
      '@rescript/darwin-arm64': 12.0.0-beta.1
      '@rescript/darwin-x64': 12.0.0-beta.1
      '@rescript/linux-arm64': 12.0.0-beta.1
      '@rescript/linux-x64': 12.0.0-beta.1
      '@rescript/win32-x64': 12.0.0-beta.1
