lockfileVersion: '9.0'

settings:
  autoInstallPeers: true
  excludeLinksFromLockfile: false

importers:

  .:
    devDependencies:
      '@rescript/darwin-arm64':
        specifier: 12.0.0-beta.5
        version: 12.0.0-beta.5
      rescript:
        specifier: 12.0.0-beta.5
        version: 12.0.0-beta.5

packages:

  '@rescript/darwin-arm64@12.0.0-beta.5':
    resolution: {integrity: sha512-hIy6TQKTzy3SdP3nGAzOc1fqb2Va5ejrn5RCZu6Scst9qH4uZ+chMS4Vv+yac1tD9bkTeixeXGj98NlLgukAvw==}
    engines: {node: '>=20.11.0'}
    cpu: [arm64]
    os: [darwin]

  '@rescript/darwin-x64@12.0.0-beta.5':
    resolution: {integrity: sha512-B7n7N0W3tzNTiDrA7sjMa4vzYhTph2PbzVFpLDbNYSAAhzIuNM2RxaAHZHpIneUk8BnSYjHV/yualnQRVaiSLQ==}
    engines: {node: '>=20.11.0'}
    cpu: [x64]
    os: [darwin]

  '@rescript/linux-arm64@12.0.0-beta.5':
    resolution: {integrity: sha512-8Wvy77ihO4au/+NOjlXPfZipWNen57XKCMWywZy6AJdAnwDJrgCAazxcPmtk/jPrREfHvIodMFEA35MZN37v1A==}
    engines: {node: '>=20.11.0'}
    cpu: [arm64]
    os: [linux]

  '@rescript/linux-x64@12.0.0-beta.5':
    resolution: {integrity: sha512-B+m1lmf8uyf9reX8nlMwwmxugvhoRMde1NRxdZrfBq+K08/d5wCX/PtnOVPiKsS2m4Iy7TLhNoSQWBqTI3JJ7A==}
    engines: {node: '>=20.11.0'}
    cpu: [x64]
    os: [linux]

  '@rescript/win32-x64@12.0.0-beta.5':
    resolution: {integrity: sha512-odHAOLoevIvXwESFvi4WSal33wve0jWN8oeq9UFuhqXobvI9GaEGO7oJwvEWFEGraa8ofJCTe41DJb2sWYvEDA==}
    engines: {node: '>=20.11.0'}
    cpu: [x64]
    os: [win32]

  rescript@12.0.0-beta.5:
    resolution: {integrity: sha512-khIb1ABW7DEG1/HkTdP4r26IypKBfh8mrmOBWFtcSLkhQWCC5Vwl6uH+yjQ9jdpbBXXDh+xaELCmgfa2ZhdMHg==}
    engines: {node: '>=20.11.0'}
    hasBin: true

snapshots:

  '@rescript/darwin-arm64@12.0.0-beta.5': {}

  '@rescript/darwin-x64@12.0.0-beta.5':
    optional: true

  '@rescript/linux-arm64@12.0.0-beta.5':
    optional: true

  '@rescript/linux-x64@12.0.0-beta.5':
    optional: true

  '@rescript/win32-x64@12.0.0-beta.5':
    optional: true

  rescript@12.0.0-beta.5:
    optionalDependencies:
      '@rescript/darwin-arm64': 12.0.0-beta.5
      '@rescript/darwin-x64': 12.0.0-beta.5
      '@rescript/linux-arm64': 12.0.0-beta.5
      '@rescript/linux-x64': 12.0.0-beta.5
      '@rescript/win32-x64': 12.0.0-beta.5
